
Microsoft Visual Studio Solution File, Format Version 12.00
# Visual Studio Version 16
VisualStudioVersion = 16.0.35026.282
MinimumVisualStudioVersion = 10.0.40219.1
Project("{FAE04EC0-301F-11D3-BF4B-00C04F79EFBC}") = "4", "4\4.csproj", "{63A7859B-1D87-46DB-B401-88D4424DF91F}"
EndProject
Global
	GlobalSection(SolutionConfigurationPlatforms) = preSolution
		Debug|Any CPU = Debug|Any CPU
		Release|Any CPU = Release|Any CPU
	EndGlobalSection
	GlobalSection(ProjectConfigurationPlatforms) = postSolution
		{63A7859B-1D87-46DB-B401-88D4424DF91F}.Debug|Any CPU.ActiveCfg = Debug|Any CPU
		{63A7859B-1D87-46DB-B401-88D4424DF91F}.Debug|Any CPU.Build.0 = Debug|Any CPU
		{63A7859B-1D87-46DB-B401-88D4424DF91F}.Release|Any CPU.ActiveCfg = Release|Any CPU
		{63A7859B-1D87-46DB-B401-88D4424DF91F}.Release|Any CPU.Build.0 = Release|Any CPU
	EndGlobalSection
	GlobalSection(SolutionProperties) = preSolution
		HideSolutionNode = FALSE
	EndGlobalSection
	GlobalSection(ExtensibilityGlobals) = postSolution
		SolutionGuid = {307B25F3-6D06-46A9-82A0-0C3F13CBA6BF}
	EndGlobalSection
EndGlobal
